Microsoft Visual Studio Solution File, Format Version 11.00
# Visual Studio 2008

Project("{91FDC516-08B7-1C2F-340D-6C8758BAE4E0}") = "Unitus", "Assembly-CSharp-firstpass.csproj", "{4D132644-CE6F-734A-78B6-28165DC7BCAD}"
EndProject
Project("{91FDC516-08B7-1C2F-340D-6C8758BAE4E0}") = "Unitus", "Assembly-CSharp-Editor.csproj", "{3A20128D-014A-D401-CE47-219902CC5BD5}"
EndProject
Global
	GlobalSection(SolutionConfigurationPlatforms) = preSolution
		Debug|Any CPU = Debug|Any CPU
		Release|Any CPU = Release|Any CPU
	EndGlobalSection
	GlobalSection(ProjectConfigurationPlatforms) = postSolution
		{4D132644-CE6F-734A-78B6-28165DC7BCAD}.Debug|Any CPU.ActiveCfg = Debug|Any CPU
		{4D132644-CE6F-734A-78B6-28165DC7BCAD}.Debug|Any CPU.Build.0 = Debug|Any CPU
		{4D132644-CE6F-734A-78B6-28165DC7BCAD}.Release|Any CPU.ActiveCfg = Release|Any CPU
		{4D132644-CE6F-734A-78B6-28165DC7BCAD}.Release|Any CPU.Build.0 = Release|Any CPU
		{3A20128D-014A-D401-CE47-219902CC5BD5}.Debug|Any CPU.ActiveCfg = Debug|Any CPU
		{3A20128D-014A-D401-CE47-219902CC5BD5}.Debug|Any CPU.Build.0 = Debug|Any CPU
		{3A20128D-014A-D401-CE47-219902CC5BD5}.Release|Any CPU.ActiveCfg = Release|Any CPU
		{3A20128D-014A-D401-CE47-219902CC5BD5}.Release|Any CPU.Build.0 = Release|Any CPU
	EndGlobalSection
	GlobalSection(SolutionProperties) = preSolution
		HideSolutionNode = FALSE
	EndGlobalSection
	GlobalSection(MonoDevelopProperties) = preSolution
		StartupItem = Assembly-CSharp.csproj
	EndGlobalSection
EndGlobal
